
Microsoft Visual Studio Solution File, Format Version 12.00
# Visual Studio Version 17
VisualStudioVersion = 17.3.32901.215
MinimumVisualStudioVersion = 10.0.40219.1
Project("{8BC9CEB8-8B4A-11D0-8D11-00A0C91BC942}") = "1_1_FirstProject", "FirstProject\FirstProject.vcxproj", "{942408DB-EE56-4CE5-9A90-8657CDE3BD35}"
EndProject
Project("{2150E333-8FDC-42A3-9474-1A3956D46DE8}") = "1_Getting-started", "1_Getting-started", "{A87E25C5-C856-43DA-8898-25820B80ABE8}"
EndProject
Project("{8BC9CEB8-8B4A-11D0-8D11-00A0C91BC942}") = "1_2_Shaders", "1_2_Shaders\1_2_Shaders.vcxproj", "{E0416D07-A1CC-4AC2-8FFF-7BD3DAEE1B35}"
EndProject
Project("{8BC9CEB8-8B4A-11D0-8D11-00A0C91BC942}") = "1_3_Textures", "1_3_Textures\1_3_Textures.vcxproj", "{3829FA54-B621-4824-93D1-8E40D1FB9441}"
EndProject
Project("{8BC9CEB8-8B4A-11D0-8D11-00A0C91BC942}") = "1_4_Transformation", "1_4_Transformation\1_4_Transformation.vcxproj", "{A1189B3C-E209-417B-BF1C-184C67BA7C74}"
EndProject
Project("{8BC9CEB8-8B4A-11D0-8D11-00A0C91BC942}") = "1_5_CoordinateSystems", "1_5_CoordinateSystems\1_5_CoordinateSystems.vcxproj", "{DDC904E7-9B0D-492F-8D04-1246FBC6AADB}"
EndProject
Project("{8BC9CEB8-8B4A-11D0-8D11-00A0C91BC942}") = "1_6_Camera", "1_6_Camera\1_6_Camera.vcxproj", "{E86678D2-739A-49F6-AAAB-B6A0E77339A8}"
EndProject
Project("{2150E333-8FDC-42A3-9474-1A3956D46DE8}") = "2_Lighting", "2_Lighting", "{F24A2188-FF99-450A-BDFD-C8D2C0571F1D}"
EndProject
Project("{8BC9CEB8-8B4A-11D0-8D11-00A0C91BC942}") = "2_1_Colors", "2_1_Colors\2_1_Colors.vcxproj", "{66050CE1-7062-439F-BAE7-25A597D230F1}"
EndProject
Project("{8BC9CEB8-8B4A-11D0-8D11-00A0C91BC942}") = "2_2_BasicLighting", "2_2_BasicLighting\2_2_BasicLighting.vcxproj", "{604055A0-D62E-4026-8373-31C9953B94D6}"
EndProject
Project("{8BC9CEB8-8B4A-11D0-8D11-00A0C91BC942}") = "2_3_Materials", "2_3_Materials\2_3_Materials.vcxproj", "{5E935747-4543-4517-BCE4-C43D1B8064CD}"
EndProject
Project("{8BC9CEB8-8B4A-11D0-8D11-00A0C91BC942}") = "2_4_LightingMap", "2_4_LightingMap\2_4_LightingMap.vcxproj", "{3A59D7C5-736E-4267-9971-CCD6C5393F40}"
EndProject
Project("{8BC9CEB8-8B4A-11D0-8D11-00A0C91BC942}") = "2_5_LightCasters", "2_5_LightCasters\2_5_LightCasters.vcxproj", "{C38191F6-C311-48E5-9B69-EF3C35950AF4}"
EndProject
Project("{8BC9CEB8-8B4A-11D0-8D11-00A0C91BC942}") = "2_6_MultipleLights", "2_6_MultipleLights\2_6_MultipleLights.vcxproj", "{517C7346-19D3-4F71-B59E-CCE0B6897492}"
EndProject
Project("{2150E333-8FDC-42A3-9474-1A3956D46DE8}") = "3_Model-Loading", "3_Model-Loading", "{8A1D751A-E8D1-4023-B847-EC1CE4EE39FA}"
EndProject
Project("{8BC9CEB8-8B4A-11D0-8D11-00A0C91BC942}") = "3_1_Mesh", "3_1_Mesh\3_1_Mesh.vcxproj", "{CEF030BE-168F-4A5E-AEF2-4B1978AE609E}"
EndProject
Project("{8BC9CEB8-8B4A-11D0-8D11-00A0C91BC942}") = "3_2_Model", "3_2_Model\3_2_Model.vcxproj", "{3E2D02F7-AA50-44F0-B792-8A484B8D273A}"
EndProject
Project("{2150E333-8FDC-42A3-9474-1A3956D46DE8}") = "4_Advanced-OpenGL", "4_Advanced-OpenGL", "{5A626CDD-D4A4-4B1E-B1B6-73B048CFB31E}"
EndProject
Project("{8BC9CEB8-8B4A-11D0-8D11-00A0C91BC942}") = "4_1_DepthTesting", "4_1_DepthTesting\4_1_DepthTesting.vcxproj", "{DD95AD39-F451-4DD0-9968-E1C4694C2CF3}"
EndProject
Project("{8BC9CEB8-8B4A-11D0-8D11-00A0C91BC942}") = "4_2_StencilTesting", "4_2_StencilTesting\4_2_StencilTesting.vcxproj", "{49C6474E-173D-4C55-9788-0E1A3FEBA7AA}"
EndProject
Project("{8BC9CEB8-8B4A-11D0-8D11-00A0C91BC942}") = "4_3_Blending", "4_3_Blending\4_3_Blending.vcxproj", "{A421CE94-99A4-404D-8E46-B12B5FD8CC3C}"
EndProject
Project("{8BC9CEB8-8B4A-11D0-8D11-00A0C91BC942}") = "4_4_FaceCulling", "4_4_FaceCulling\4_4_FaceCulling.vcxproj", "{D45F8D28-343E-42FC-BE08-960FF04BF0F0}"
EndProject
Project("{8BC9CEB8-8B4A-11D0-8D11-00A0C91BC942}") = "4_5_Framebuffers", "4_5_Framebuffers\4_5_Framebuffers.vcxproj", "{BCF86DD8-7C10-4B06-ABF0-023A92F9D835}"
EndProject
Project("{8BC9CEB8-8B4A-11D0-8D11-00A0C91BC942}") = "4_6_Cubemaps", "4_6_Cubemaps\4_6_Cubemaps.vcxproj", "{B600D327-F85D-444F-BB3A-A1D7F90E89F2}"
EndProject
Project("{8BC9CEB8-8B4A-11D0-8D11-00A0C91BC942}") = "4_7_AdvancedData", "4_7_AdvancedData\4_7_AdvancedData.vcxproj", "{8F3936FA-345B-4304-AF8B-E1C516CD3234}"
EndProject
Project("{8BC9CEB8-8B4A-11D0-8D11-00A0C91BC942}") = "4_8_AdvancedGLSL", "4_8_AdvancedGLSL\4_8_AdvancedGLSL.vcxproj", "{0FF4EC00-1E2B-4CBB-AFC1-B792AB75578C}"
EndProject
Project("{8BC9CEB8-8B4A-11D0-8D11-00A0C91BC942}") = "4_9_GeometryShader", "4_9_GeometryShader\4_9_GeometryShader.vcxproj", "{0A949321-1870-4DDA-8F3C-CEFAB9032052}"
EndProject
Project("{8BC9CEB8-8B4A-11D0-8D11-00A0C91BC942}") = "4_10_Instancing", "4_10_Instancing\4_10_Instancing.vcxproj", "{9325015B-9070-460F-A276-A18EDEE1A777}"
EndProject
Project("{8BC9CEB8-8B4A-11D0-8D11-00A0C91BC942}") = "4_11_AntiAliasing", "4_11_AntiAliasing\4_11_AntiAliasing.vcxproj", "{5DA7B545-328D-4675-B7FB-E00D428EA171}"
EndProject
Project("{2150E333-8FDC-42A3-9474-1A3956D46DE8}") = "5_Advanced-Lighting", "5_Advanced-Lighting", "{5CA8A719-B407-44E8-804B-29A46B9C373E}"
EndProject
Project("{8BC9CEB8-8B4A-11D0-8D11-00A0C91BC942}") = "5_1_AdvancedLighting", "5_1_AdvancedLighting\5_1_AdvancedLighting.vcxproj", "{7B64E560-68D7-4306-8CD4-95B0A7A6FE6E}"
EndProject
Project("{8BC9CEB8-8B4A-11D0-8D11-00A0C91BC942}") = "5_2_GammaCorrection", "5_2_GammaCorrection\5_2_GammaCorrection.vcxproj", "{95CC2ADC-C2A5-4909-A08F-7ED6B9497B37}"
EndProject
Project("{8BC9CEB8-8B4A-11D0-8D11-00A0C91BC942}") = "5_3_1_ShadowMapping", "5_3_ShadowMapping\5_3_ShadowMapping.vcxproj", "{26B8A0D7-9859-4CF2-80FF-5DDB692FC781}"
EndProject
Project("{8BC9CEB8-8B4A-11D0-8D11-00A0C91BC942}") = "5_3_2_PointShadows", "5_3_2_PointShadows\5_3_2_PointShadows.vcxproj", "{833442D2-74E2-49EA-833F-F49EAB6EC716}"
EndProject
Project("{8BC9CEB8-8B4A-11D0-8D11-00A0C91BC942}") = "5_4_NormalMapping", "5_4_NormalMapping\5_4_NormalMapping.vcxproj", "{A7E7614D-03B5-4463-B52E-EF1D85A536DF}"
EndProject
Project("{8BC9CEB8-8B4A-11D0-8D11-00A0C91BC942}") = "5_5_ParallaxMapping", "5_5_ParallaxMapping\5_5_ParallaxMapping.vcxproj", "{FF0A724A-260D-4EA4-8268-538D72164EB7}"
EndProject
Project("{8BC9CEB8-8B4A-11D0-8D11-00A0C91BC942}") = "5_6_HDR", "5_6_HDR\5_6_HDR.vcxproj", "{2EFCDFD9-E078-43B5-9F59-CAE73F2DE0E2}"
EndProject
Project("{8BC9CEB8-8B4A-11D0-8D11-00A0C91BC942}") = "5_7_Bloom", "5_7_Bloom\5_7_Bloom.vcxproj", "{9CC3A564-0A29-4269-89DA-B80C31A9E715}"
EndProject
Global
	GlobalSection(SolutionConfigurationPlatforms) = preSolution
		Debug|x64 = Debug|x64
		Debug|x86 = Debug|x86
		Release|x64 = Release|x64
		Release|x86 = Release|x86
	EndGlobalSection
	GlobalSection(ProjectConfigurationPlatforms) = postSolution
		{942408DB-EE56-4CE5-9A90-8657CDE3BD35}.Debug|x64.ActiveCfg = Debug|x64
		{942408DB-EE56-4CE5-9A90-8657CDE3BD35}.Debug|x64.Build.0 = Debug|x64
		{942408DB-EE56-4CE5-9A90-8657CDE3BD35}.Debug|x86.ActiveCfg = Debug|Win32
		{942408DB-EE56-4CE5-9A90-8657CDE3BD35}.Debug|x86.Build.0 = Debug|Win32
		{942408DB-EE56-4CE5-9A90-8657CDE3BD35}.Release|x64.ActiveCfg = Release|x64
		{942408DB-EE56-4CE5-9A90-8657CDE3BD35}.Release|x64.Build.0 = Release|x64
		{942408DB-EE56-4CE5-9A90-8657CDE3BD35}.Release|x86.ActiveCfg = Release|Win32
		{942408DB-EE56-4CE5-9A90-8657CDE3BD35}.Release|x86.Build.0 = Release|Win32
		{E0416D07-A1CC-4AC2-8FFF-7BD3DAEE1B35}.Debug|x64.ActiveCfg = Debug|x64
		{E0416D07-A1CC-4AC2-8FFF-7BD3DAEE1B35}.Debug|x64.Build.0 = Debug|x64
		{E0416D07-A1CC-4AC2-8FFF-7BD3DAEE1B35}.Debug|x86.ActiveCfg = Debug|Win32
		{E0416D07-A1CC-4AC2-8FFF-7BD3DAEE1B35}.Debug|x86.Build.0 = Debug|Win32
		{E0416D07-A1CC-4AC2-8FFF-7BD3DAEE1B35}.Release|x64.ActiveCfg = Release|x64
		{E0416D07-A1CC-4AC2-8FFF-7BD3DAEE1B35}.Release|x64.Build.0 = Release|x64
		{E0416D07-A1CC-4AC2-8FFF-7BD3DAEE1B35}.Release|x86.ActiveCfg = Release|Win32
		{E0416D07-A1CC-4AC2-8FFF-7BD3DAEE1B35}.Release|x86.Build.0 = Release|Win32
		{3829FA54-B621-4824-93D1-8E40D1FB9441}.Debug|x64.ActiveCfg = Debug|x64
		{3829FA54-B621-4824-93D1-8E40D1FB9441}.Debug|x64.Build.0 = Debug|x64
		{3829FA54-B621-4824-93D1-8E40D1FB9441}.Debug|x86.ActiveCfg = Debug|Win32
		{3829FA54-B621-4824-93D1-8E40D1FB9441}.Debug|x86.Build.0 = Debug|Win32
		{3829FA54-B621-4824-93D1-8E40D1FB9441}.Release|x64.ActiveCfg = Release|x64
		{3829FA54-B621-4824-93D1-8E40D1FB9441}.Release|x64.Build.0 = Release|x64
		{3829FA54-B621-4824-93D1-8E40D1FB9441}.Release|x86.ActiveCfg = Release|Win32
		{3829FA54-B621-4824-93D1-8E40D1FB9441}.Release|x86.Build.0 = Release|Win32
		{A1189B3C-E209-417B-BF1C-184C67BA7C74}.Debug|x64.ActiveCfg = Debug|x64
		{A1189B3C-E209-417B-BF1C-184C67BA7C74}.Debug|x64.Build.0 = Debug|x64
		{A1189B3C-E209-417B-BF1C-184C67BA7C74}.Debug|x86.ActiveCfg = Debug|Win32
		{A1189B3C-E209-417B-BF1C-184C67BA7C74}.Debug|x86.Build.0 = Debug|Win32
		{A1189B3C-E209-417B-BF1C-184C67BA7C74}.Release|x64.ActiveCfg = Release|x64
		{A1189B3C-E209-417B-BF1C-184C67BA7C74}.Release|x64.Build.0 = Release|x64
		{A1189B3C-E209-417B-BF1C-184C67BA7C74}.Release|x86.ActiveCfg = Release|Win32
		{A1189B3C-E209-417B-BF1C-184C67BA7C74}.Release|x86.Build.0 = Release|Win32
		{DDC904E7-9B0D-492F-8D04-1246FBC6AADB}.Debug|x64.ActiveCfg = Debug|x64
		{DDC904E7-9B0D-492F-8D04-1246FBC6AADB}.Debug|x64.Build.0 = Debug|x64
		{DDC904E7-9B0D-492F-8D04-1246FBC6AADB}.Debug|x86.ActiveCfg = Debug|Win32
		{DDC904E7-9B0D-492F-8D04-1246FBC6AADB}.Debug|x86.Build.0 = Debug|Win32
		{DDC904E7-9B0D-492F-8D04-1246FBC6AADB}.Release|x64.ActiveCfg = Release|x64
		{DDC904E7-9B0D-492F-8D04-1246FBC6AADB}.Release|x64.Build.0 = Release|x64
		{DDC904E7-9B0D-492F-8D04-1246FBC6AADB}.Release|x86.ActiveCfg = Release|Win32
		{DDC904E7-9B0D-492F-8D04-1246FBC6AADB}.Release|x86.Build.0 = Release|Win32
		{E86678D2-739A-49F6-AAAB-B6A0E77339A8}.Debug|x64.ActiveCfg = Debug|x64
		{E86678D2-739A-49F6-AAAB-B6A0E77339A8}.Debug|x64.Build.0 = Debug|x64
		{E86678D2-739A-49F6-AAAB-B6A0E77339A8}.Debug|x86.ActiveCfg = Debug|Win32
		{E86678D2-739A-49F6-AAAB-B6A0E77339A8}.Debug|x86.Build.0 = Debug|Win32
		{E86678D2-739A-49F6-AAAB-B6A0E77339A8}.Release|x64.ActiveCfg = Release|x64
		{E86678D2-739A-49F6-AAAB-B6A0E77339A8}.Release|x64.Build.0 = Release|x64
		{E86678D2-739A-49F6-AAAB-B6A0E77339A8}.Release|x86.ActiveCfg = Release|Win32
		{E86678D2-739A-49F6-AAAB-B6A0E77339A8}.Release|x86.Build.0 = Release|Win32
		{66050CE1-7062-439F-BAE7-25A597D230F1}.Debug|x64.ActiveCfg = Debug|x64
		{66050CE1-7062-439F-BAE7-25A597D230F1}.Debug|x64.Build.0 = Debug|x64
		{66050CE1-7062-439F-BAE7-25A597D230F1}.Debug|x86.ActiveCfg = Debug|Win32
		{66050CE1-7062-439F-BAE7-25A597D230F1}.Debug|x86.Build.0 = Debug|Win32
		{66050CE1-7062-439F-BAE7-25A597D230F1}.Release|x64.ActiveCfg = Release|x64
		{66050CE1-7062-439F-BAE7-25A597D230F1}.Release|x64.Build.0 = Release|x64
		{66050CE1-7062-439F-BAE7-25A597D230F1}.Release|x86.ActiveCfg = Release|Win32
		{66050CE1-7062-439F-BAE7-25A597D230F1}.Release|x86.Build.0 = Release|Win32
		{604055A0-D62E-4026-8373-31C9953B94D6}.Debug|x64.ActiveCfg = Debug|x64
		{604055A0-D62E-4026-8373-31C9953B94D6}.Debug|x64.Build.0 = Debug|x64
		{604055A0-D62E-4026-8373-31C9953B94D6}.Debug|x86.ActiveCfg = Debug|Win32
		{604055A0-D62E-4026-8373-31C9953B94D6}.Debug|x86.Build.0 = Debug|Win32
		{604055A0-D62E-4026-8373-31C9953B94D6}.Release|x64.ActiveCfg = Release|x64
		{604055A0-D62E-4026-8373-31C9953B94D6}.Release|x64.Build.0 = Release|x64
		{604055A0-D62E-4026-8373-31C9953B94D6}.Release|x86.ActiveCfg = Release|Win32
		{604055A0-D62E-4026-8373-31C9953B94D6}.Release|x86.Build.0 = Release|Win32
		{5E935747-4543-4517-BCE4-C43D1B8064CD}.Debug|x64.ActiveCfg = Debug|x64
		{5E935747-4543-4517-BCE4-C43D1B8064CD}.Debug|x64.Build.0 = Debug|x64
		{5E935747-4543-4517-BCE4-C43D1B8064CD}.Debug|x86.ActiveCfg = Debug|Win32
		{5E935747-4543-4517-BCE4-C43D1B8064CD}.Debug|x86.Build.0 = Debug|Win32
		{5E935747-4543-4517-BCE4-C43D1B8064CD}.Release|x64.ActiveCfg = Release|x64
		{5E935747-4543-4517-BCE4-C43D1B8064CD}.Release|x64.Build.0 = Release|x64
		{5E935747-4543-4517-BCE4-C43D1B8064CD}.Release|x86.ActiveCfg = Release|Win32
		{5E935747-4543-4517-BCE4-C43D1B8064CD}.Release|x86.Build.0 = Release|Win32
		{3A59D7C5-736E-4267-9971-CCD6C5393F40}.Debug|x64.ActiveCfg = Debug|x64
		{3A59D7C5-736E-4267-9971-CCD6C5393F40}.Debug|x64.Build.0 = Debug|x64
		{3A59D7C5-736E-4267-9971-CCD6C5393F40}.Debug|x86.ActiveCfg = Debug|Win32
		{3A59D7C5-736E-4267-9971-CCD6C5393F40}.Debug|x86.Build.0 = Debug|Win32
		{3A59D7C5-736E-4267-9971-CCD6C5393F40}.Release|x64.ActiveCfg = Release|x64
		{3A59D7C5-736E-4267-9971-CCD6C5393F40}.Release|x64.Build.0 = Release|x64
		{3A59D7C5-736E-4267-9971-CCD6C5393F40}.Release|x86.ActiveCfg = Release|Win32
		{3A59D7C5-736E-4267-9971-CCD6C5393F40}.Release|x86.Build.0 = Release|Win32
		{C38191F6-C311-48E5-9B69-EF3C35950AF4}.Debug|x64.ActiveCfg = Debug|x64
		{C38191F6-C311-48E5-9B69-EF3C35950AF4}.Debug|x64.Build.0 = Debug|x64
		{C38191F6-C311-48E5-9B69-EF3C35950AF4}.Debug|x86.ActiveCfg = Debug|Win32
		{C38191F6-C311-48E5-9B69-EF3C35950AF4}.Debug|x86.Build.0 = Debug|Win32
		{C38191F6-C311-48E5-9B69-EF3C35950AF4}.Release|x64.ActiveCfg = Release|x64
		{C38191F6-C311-48E5-9B69-EF3C35950AF4}.Release|x64.Build.0 = Release|x64
		{C38191F6-C311-48E5-9B69-EF3C35950AF4}.Release|x86.ActiveCfg = Release|Win32
		{C38191F6-C311-48E5-9B69-EF3C35950AF4}.Release|x86.Build.0 = Release|Win32
		{517C7346-19D3-4F71-B59E-CCE0B6897492}.Debug|x64.ActiveCfg = Debug|x64
		{517C7346-19D3-4F71-B59E-CCE0B6897492}.Debug|x64.Build.0 = Debug|x64
		{517C7346-19D3-4F71-B59E-CCE0B6897492}.Debug|x86.ActiveCfg = Debug|Win32
		{517C7346-19D3-4F71-B59E-CCE0B6897492}.Debug|x86.Build.0 = Debug|Win32
		{517C7346-19D3-4F71-B59E-CCE0B6897492}.Release|x64.ActiveCfg = Release|x64
		{517C7346-19D3-4F71-B59E-CCE0B6897492}.Release|x64.Build.0 = Release|x64
		{517C7346-19D3-4F71-B59E-CCE0B6897492}.Release|x86.ActiveCfg = Release|Win32
		{517C7346-19D3-4F71-B59E-CCE0B6897492}.Release|x86.Build.0 = Release|Win32
		{CEF030BE-168F-4A5E-AEF2-4B1978AE609E}.Debug|x64.ActiveCfg = Debug|x64
		{CEF030BE-168F-4A5E-AEF2-4B1978AE609E}.Debug|x64.Build.0 = Debug|x64
		{CEF030BE-168F-4A5E-AEF2-4B1978AE609E}.Debug|x86.ActiveCfg = Debug|Win32
		{CEF030BE-168F-4A5E-AEF2-4B1978AE609E}.Debug|x86.Build.0 = Debug|Win32
		{CEF030BE-168F-4A5E-AEF2-4B1978AE609E}.Release|x64.ActiveCfg = Release|x64
		{CEF030BE-168F-4A5E-AEF2-4B1978AE609E}.Release|x64.Build.0 = Release|x64
		{CEF030BE-168F-4A5E-AEF2-4B1978AE609E}.Release|x86.ActiveCfg = Release|Win32
		{CEF030BE-168F-4A5E-AEF2-4B1978AE609E}.Release|x86.Build.0 = Release|Win32
		{3E2D02F7-AA50-44F0-B792-8A484B8D273A}.Debug|x64.ActiveCfg = Debug|x64
		{3E2D02F7-AA50-44F0-B792-8A484B8D273A}.Debug|x64.Build.0 = Debug|x64
		{3E2D02F7-AA50-44F0-B792-8A484B8D273A}.Debug|x86.ActiveCfg = Debug|Win32
		{3E2D02F7-AA50-44F0-B792-8A484B8D273A}.Debug|x86.Build.0 = Debug|Win32
		{3E2D02F7-AA50-44F0-B792-8A484B8D273A}.Release|x64.ActiveCfg = Release|x64
		{3E2D02F7-AA50-44F0-B792-8A484B8D273A}.Release|x64.Build.0 = Release|x64
		{3E2D02F7-AA50-44F0-B792-8A484B8D273A}.Release|x86.ActiveCfg = Release|Win32
		{3E2D02F7-AA50-44F0-B792-8A484B8D273A}.Release|x86.Build.0 = Release|Win32
		{DD95AD39-F451-4DD0-9968-E1C4694C2CF3}.Debug|x64.ActiveCfg = Debug|x64
		{DD95AD39-F451-4DD0-9968-E1C4694C2CF3}.Debug|x64.Build.0 = Debug|x64
		{DD95AD39-F451-4DD0-9968-E1C4694C2CF3}.Debug|x86.ActiveCfg = Debug|Win32
		{DD95AD39-F451-4DD0-9968-E1C4694C2CF3}.Debug|x86.Build.0 = Debug|Win32
		{DD95AD39-F451-4DD0-9968-E1C4694C2CF3}.Release|x64.ActiveCfg = Release|x64
		{DD95AD39-F451-4DD0-9968-E1C4694C2CF3}.Release|x64.Build.0 = Release|x64
		{DD95AD39-F451-4DD0-9968-E1C4694C2CF3}.Release|x86.ActiveCfg = Release|Win32
		{DD95AD39-F451-4DD0-9968-E1C4694C2CF3}.Release|x86.Build.0 = Release|Win32
		{49C6474E-173D-4C55-9788-0E1A3FEBA7AA}.Debug|x64.ActiveCfg = Debug|x64
		{49C6474E-173D-4C55-9788-0E1A3FEBA7AA}.Debug|x64.Build.0 = Debug|x64
		{49C6474E-173D-4C55-9788-0E1A3FEBA7AA}.Debug|x86.ActiveCfg = Debug|Win32
		{49C6474E-173D-4C55-9788-0E1A3FEBA7AA}.Debug|x86.Build.0 = Debug|Win32
		{49C6474E-173D-4C55-9788-0E1A3FEBA7AA}.Release|x64.ActiveCfg = Release|x64
		{49C6474E-173D-4C55-9788-0E1A3FEBA7AA}.Release|x64.Build.0 = Release|x64
		{49C6474E-173D-4C55-9788-0E1A3FEBA7AA}.Release|x86.ActiveCfg = Release|Win32
		{49C6474E-173D-4C55-9788-0E1A3FEBA7AA}.Release|x86.Build.0 = Release|Win32
		{A421CE94-99A4-404D-8E46-B12B5FD8CC3C}.Debug|x64.ActiveCfg = Debug|x64
		{A421CE94-99A4-404D-8E46-B12B5FD8CC3C}.Debug|x64.Build.0 = Debug|x64
		{A421CE94-99A4-404D-8E46-B12B5FD8CC3C}.Debug|x86.ActiveCfg = Debug|Win32
		{A421CE94-99A4-404D-8E46-B12B5FD8CC3C}.Debug|x86.Build.0 = Debug|Win32
		{A421CE94-99A4-404D-8E46-B12B5FD8CC3C}.Release|x64.ActiveCfg = Release|x64
		{A421CE94-99A4-404D-8E46-B12B5FD8CC3C}.Release|x64.Build.0 = Release|x64
		{A421CE94-99A4-404D-8E46-B12B5FD8CC3C}.Release|x86.ActiveCfg = Release|Win32
		{A421CE94-99A4-404D-8E46-B12B5FD8CC3C}.Release|x86.Build.0 = Release|Win32
		{D45F8D28-343E-42FC-BE08-960FF04BF0F0}.Debug|x64.ActiveCfg = Debug|x64
		{D45F8D28-343E-42FC-BE08-960FF04BF0F0}.Debug|x64.Build.0 = Debug|x64
		{D45F8D28-343E-42FC-BE08-960FF04BF0F0}.Debug|x86.ActiveCfg = Debug|Win32
		{D45F8D28-343E-42FC-BE08-960FF04BF0F0}.Debug|x86.Build.0 = Debug|Win32
		{D45F8D28-343E-42FC-BE08-960FF04BF0F0}.Release|x64.ActiveCfg = Release|x64
		{D45F8D28-343E-42FC-BE08-960FF04BF0F0}.Release|x64.Build.0 = Release|x64
		{D45F8D28-343E-42FC-BE08-960FF04BF0F0}.Release|x86.ActiveCfg = Release|Win32
		{D45F8D28-343E-42FC-BE08-960FF04BF0F0}.Release|x86.Build.0 = Release|Win32
		{BCF86DD8-7C10-4B06-ABF0-023A92F9D835}.Debug|x64.ActiveCfg = Debug|x64
		{BCF86DD8-7C10-4B06-ABF0-023A92F9D835}.Debug|x64.Build.0 = Debug|x64
		{BCF86DD8-7C10-4B06-ABF0-023A92F9D835}.Debug|x86.ActiveCfg = Debug|Win32
		{BCF86DD8-7C10-4B06-ABF0-023A92F9D835}.Debug|x86.Build.0 = Debug|Win32
		{BCF86DD8-7C10-4B06-ABF0-023A92F9D835}.Release|x64.ActiveCfg = Release|x64
		{BCF86DD8-7C10-4B06-ABF0-023A92F9D835}.Release|x64.Build.0 = Release|x64
		{BCF86DD8-7C10-4B06-ABF0-023A92F9D835}.Release|x86.ActiveCfg = Release|Win32
		{BCF86DD8-7C10-4B06-ABF0-023A92F9D835}.Release|x86.Build.0 = Release|Win32
		{B600D327-F85D-444F-BB3A-A1D7F90E89F2}.Debug|x64.ActiveCfg = Debug|x64
		{B600D327-F85D-444F-BB3A-A1D7F90E89F2}.Debug|x64.Build.0 = Debug|x64
		{B600D327-F85D-444F-BB3A-A1D7F90E89F2}.Debug|x86.ActiveCfg = Debug|Win32
		{B600D327-F85D-444F-BB3A-A1D7F90E89F2}.Debug|x86.Build.0 = Debug|Win32
		{B600D327-F85D-444F-BB3A-A1D7F90E89F2}.Release|x64.ActiveCfg = Release|x64
		{B600D327-F85D-444F-BB3A-A1D7F90E89F2}.Release|x64.Build.0 = Release|x64
		{B600D327-F85D-444F-BB3A-A1D7F90E89F2}.Release|x86.ActiveCfg = Release|Win32
		{B600D327-F85D-444F-BB3A-A1D7F90E89F2}.Release|x86.Build.0 = Release|Win32
		{8F3936FA-345B-4304-AF8B-E1C516CD3234}.Debug|x64.ActiveCfg = Debug|x64
		{8F3936FA-345B-4304-AF8B-E1C516CD3234}.Debug|x64.Build.0 = Debug|x64
		{8F3936FA-345B-4304-AF8B-E1C516CD3234}.Debug|x86.ActiveCfg = Debug|Win32
		{8F3936FA-345B-4304-AF8B-E1C516CD3234}.Debug|x86.Build.0 = Debug|Win32
		{8F3936FA-345B-4304-AF8B-E1C516CD3234}.Release|x64.ActiveCfg = Release|x64
		{8F3936FA-345B-4304-AF8B-E1C516CD3234}.Release|x64.Build.0 = Release|x64
		{8F3936FA-345B-4304-AF8B-E1C516CD3234}.Release|x86.ActiveCfg = Release|Win32
		{8F3936FA-345B-4304-AF8B-E1C516CD3234}.Release|x86.Build.0 = Release|Win32
		{0FF4EC00-1E2B-4CBB-AFC1-B792AB75578C}.Debug|x64.ActiveCfg = Debug|x64
		{0FF4EC00-1E2B-4CBB-AFC1-B792AB75578C}.Debug|x64.Build.0 = Debug|x64
		{0FF4EC00-1E2B-4CBB-AFC1-B792AB75578C}.Debug|x86.ActiveCfg = Debug|Win32
		{0FF4EC00-1E2B-4CBB-AFC1-B792AB75578C}.Debug|x86.Build.0 = Debug|Win32
		{0FF4EC00-1E2B-4CBB-AFC1-B792AB75578C}.Release|x64.ActiveCfg = Release|x64
		{0FF4EC00-1E2B-4CBB-AFC1-B792AB75578C}.Release|x64.Build.0 = Release|x64
		{0FF4EC00-1E2B-4CBB-AFC1-B792AB75578C}.Release|x86.ActiveCfg = Release|Win32
		{0FF4EC00-1E2B-4CBB-AFC1-B792AB75578C}.Release|x86.Build.0 = Release|Win32
		{0A949321-1870-4DDA-8F3C-CEFAB9032052}.Debug|x64.ActiveCfg = Debug|x64
		{0A949321-1870-4DDA-8F3C-CEFAB9032052}.Debug|x64.Build.0 = Debug|x64
		{0A949321-1870-4DDA-8F3C-CEFAB9032052}.Debug|x86.ActiveCfg = Debug|Win32
		{0A949321-1870-4DDA-8F3C-CEFAB9032052}.Debug|x86.Build.0 = Debug|Win32
		{0A949321-1870-4DDA-8F3C-CEFAB9032052}.Release|x64.ActiveCfg = Release|x64
		{0A949321-1870-4DDA-8F3C-CEFAB9032052}.Release|x64.Build.0 = Release|x64
		{0A949321-1870-4DDA-8F3C-CEFAB9032052}.Release|x86.ActiveCfg = Release|Win32
		{0A949321-1870-4DDA-8F3C-CEFAB9032052}.Release|x86.Build.0 = Release|Win32
		{9325015B-9070-460F-A276-A18EDEE1A777}.Debug|x64.ActiveCfg = Debug|x64
		{9325015B-9070-460F-A276-A18EDEE1A777}.Debug|x64.Build.0 = Debug|x64
		{9325015B-9070-460F-A276-A18EDEE1A777}.Debug|x86.ActiveCfg = Debug|Win32
		{9325015B-9070-460F-A276-A18EDEE1A777}.Debug|x86.Build.0 = Debug|Win32
		{9325015B-9070-460F-A276-A18EDEE1A777}.Release|x64.ActiveCfg = Release|x64
		{9325015B-9070-460F-A276-A18EDEE1A777}.Release|x64.Build.0 = Release|x64
		{9325015B-9070-460F-A276-A18EDEE1A777}.Release|x86.ActiveCfg = Release|Win32
		{9325015B-9070-460F-A276-A18EDEE1A777}.Release|x86.Build.0 = Release|Win32
		{5DA7B545-328D-4675-B7FB-E00D428EA171}.Debug|x64.ActiveCfg = Debug|x64
		{5DA7B545-328D-4675-B7FB-E00D428EA171}.Debug|x64.Build.0 = Debug|x64
		{5DA7B545-328D-4675-B7FB-E00D428EA171}.Debug|x86.ActiveCfg = Debug|Win32
		{5DA7B545-328D-4675-B7FB-E00D428EA171}.Debug|x86.Build.0 = Debug|Win32
		{5DA7B545-328D-4675-B7FB-E00D428EA171}.Release|x64.ActiveCfg = Release|x64
		{5DA7B545-328D-4675-B7FB-E00D428EA171}.Release|x64.Build.0 = Release|x64
		{5DA7B545-328D-4675-B7FB-E00D428EA171}.Release|x86.ActiveCfg = Release|Win32
		{5DA7B545-328D-4675-B7FB-E00D428EA171}.Release|x86.Build.0 = Release|Win32
		{7B64E560-68D7-4306-8CD4-95B0A7A6FE6E}.Debug|x64.ActiveCfg = Debug|x64
		{7B64E560-68D7-4306-8CD4-95B0A7A6FE6E}.Debug|x64.Build.0 = Debug|x64
		{7B64E560-68D7-4306-8CD4-95B0A7A6FE6E}.Debug|x86.ActiveCfg = Debug|Win32
		{7B64E560-68D7-4306-8CD4-95B0A7A6FE6E}.Debug|x86.Build.0 = Debug|Win32
		{7B64E560-68D7-4306-8CD4-95B0A7A6FE6E}.Release|x64.ActiveCfg = Release|x64
		{7B64E560-68D7-4306-8CD4-95B0A7A6FE6E}.Release|x64.Build.0 = Release|x64
		{7B64E560-68D7-4306-8CD4-95B0A7A6FE6E}.Release|x86.ActiveCfg = Release|Win32
		{7B64E560-68D7-4306-8CD4-95B0A7A6FE6E}.Release|x86.Build.0 = Release|Win32
		{95CC2ADC-C2A5-4909-A08F-7ED6B9497B37}.Debug|x64.ActiveCfg = Debug|x64
		{95CC2ADC-C2A5-4909-A08F-7ED6B9497B37}.Debug|x64.Build.0 = Debug|x64
		{95CC2ADC-C2A5-4909-A08F-7ED6B9497B37}.Debug|x86.ActiveCfg = Debug|Win32
		{95CC2ADC-C2A5-4909-A08F-7ED6B9497B37}.Debug|x86.Build.0 = Debug|Win32
		{95CC2ADC-C2A5-4909-A08F-7ED6B9497B37}.Release|x64.ActiveCfg = Release|x64
		{95CC2ADC-C2A5-4909-A08F-7ED6B9497B37}.Release|x64.Build.0 = Release|x64
		{95CC2ADC-C2A5-4909-A08F-7ED6B9497B37}.Release|x86.ActiveCfg = Release|Win32
		{95CC2ADC-C2A5-4909-A08F-7ED6B9497B37}.Release|x86.Build.0 = Release|Win32
		{26B8A0D7-9859-4CF2-80FF-5DDB692FC781}.Debug|x64.ActiveCfg = Debug|x64
		{26B8A0D7-9859-4CF2-80FF-5DDB692FC781}.Debug|x64.Build.0 = Debug|x64
		{26B8A0D7-9859-4CF2-80FF-5DDB692FC781}.Debug|x86.ActiveCfg = Debug|Win32
		{26B8A0D7-9859-4CF2-80FF-5DDB692FC781}.Debug|x86.Build.0 = Debug|Win32
		{26B8A0D7-9859-4CF2-80FF-5DDB692FC781}.Release|x64.ActiveCfg = Release|x64
		{26B8A0D7-9859-4CF2-80FF-5DDB692FC781}.Release|x64.Build.0 = Release|x64
		{26B8A0D7-9859-4CF2-80FF-5DDB692FC781}.Release|x86.ActiveCfg = Release|Win32
		{26B8A0D7-9859-4CF2-80FF-5DDB692FC781}.Release|x86.Build.0 = Release|Win32
		{833442D2-74E2-49EA-833F-F49EAB6EC716}.Debug|x64.ActiveCfg = Debug|x64
		{833442D2-74E2-49EA-833F-F49EAB6EC716}.Debug|x64.Build.0 = Debug|x64
		{833442D2-74E2-49EA-833F-F49EAB6EC716}.Debug|x86.ActiveCfg = Debug|Win32
		{833442D2-74E2-49EA-833F-F49EAB6EC716}.Debug|x86.Build.0 = Debug|Win32
		{833442D2-74E2-49EA-833F-F49EAB6EC716}.Release|x64.ActiveCfg = Release|x64
		{833442D2-74E2-49EA-833F-F49EAB6EC716}.Release|x64.Build.0 = Release|x64
		{833442D2-74E2-49EA-833F-F49EAB6EC716}.Release|x86.ActiveCfg = Release|Win32
		{833442D2-74E2-49EA-833F-F49EAB6EC716}.Release|x86.Build.0 = Release|Win32
		{A7E7614D-03B5-4463-B52E-EF1D85A536DF}.Debug|x64.ActiveCfg = Debug|x64
		{A7E7614D-03B5-4463-B52E-EF1D85A536DF}.Debug|x64.Build.0 = Debug|x64
		{A7E7614D-03B5-4463-B52E-EF1D85A536DF}.Debug|x86.ActiveCfg = Debug|Win32
		{A7E7614D-03B5-4463-B52E-EF1D85A536DF}.Debug|x86.Build.0 = Debug|Win32
		{A7E7614D-03B5-4463-B52E-EF1D85A536DF}.Release|x64.ActiveCfg = Release|x64
		{A7E7614D-03B5-4463-B52E-EF1D85A536DF}.Release|x64.Build.0 = Release|x64
		{A7E7614D-03B5-4463-B52E-EF1D85A536DF}.Release|x86.ActiveCfg = Release|Win32
		{A7E7614D-03B5-4463-B52E-EF1D85A536DF}.Release|x86.Build.0 = Release|Win32
		{FF0A724A-260D-4EA4-8268-538D72164EB7}.Debug|x64.ActiveCfg = Debug|x64
		{FF0A724A-260D-4EA4-8268-538D72164EB7}.Debug|x64.Build.0 = Debug|x64
		{FF0A724A-260D-4EA4-8268-538D72164EB7}.Debug|x86.ActiveCfg = Debug|Win32
		{FF0A724A-260D-4EA4-8268-538D72164EB7}.Debug|x86.Build.0 = Debug|Win32
		{FF0A724A-260D-4EA4-8268-538D72164EB7}.Release|x64.ActiveCfg = Release|x64
		{FF0A724A-260D-4EA4-8268-538D72164EB7}.Release|x64.Build.0 = Release|x64
		{FF0A724A-260D-4EA4-8268-538D72164EB7}.Release|x86.ActiveCfg = Release|Win32
		{FF0A724A-260D-4EA4-8268-538D72164EB7}.Release|x86.Build.0 = Release|Win32
		{2EFCDFD9-E078-43B5-9F59-CAE73F2DE0E2}.Debug|x64.ActiveCfg = Debug|x64
		{2EFCDFD9-E078-43B5-9F59-CAE73F2DE0E2}.Debug|x64.Build.0 = Debug|x64
		{2EFCDFD9-E078-43B5-9F59-CAE73F2DE0E2}.Debug|x86.ActiveCfg = Debug|Win32
		{2EFCDFD9-E078-43B5-9F59-CAE73F2DE0E2}.Debug|x86.Build.0 = Debug|Win32
		{2EFCDFD9-E078-43B5-9F59-CAE73F2DE0E2}.Release|x64.ActiveCfg = Release|x64
		{2EFCDFD9-E078-43B5-9F59-CAE73F2DE0E2}.Release|x64.Build.0 = Release|x64
		{2EFCDFD9-E078-43B5-9F59-CAE73F2DE0E2}.Release|x86.ActiveCfg = Release|Win32
		{2EFCDFD9-E078-43B5-9F59-CAE73F2DE0E2}.Release|x86.Build.0 = Release|Win32
		{9CC3A564-0A29-4269-89DA-B80C31A9E715}.Debug|x64.ActiveCfg = Debug|x64
		{9CC3A564-0A29-4269-89DA-B80C31A9E715}.Debug|x64.Build.0 = Debug|x64
		{9CC3A564-0A29-4269-89DA-B80C31A9E715}.Debug|x86.ActiveCfg = Debug|Win32
		{9CC3A564-0A29-4269-89DA-B80C31A9E715}.Debug|x86.Build.0 = Debug|Win32
		{9CC3A564-0A29-4269-89DA-B80C31A9E715}.Release|x64.ActiveCfg = Release|x64
		{9CC3A564-0A29-4269-89DA-B80C31A9E715}.Release|x64.Build.0 = Release|x64
		{9CC3A564-0A29-4269-89DA-B80C31A9E715}.Release|x86.ActiveCfg = Release|Win32
		{9CC3A564-0A29-4269-89DA-B80C31A9E715}.Release|x86.Build.0 = Release|Win32
	EndGlobalSection
	GlobalSection(SolutionProperties) = preSolution
		HideSolutionNode = FALSE
	EndGlobalSection
	GlobalSection(NestedProjects) = preSolution
		{942408DB-EE56-4CE5-9A90-8657CDE3BD35} = {A87E25C5-C856-43DA-8898-25820B80ABE8}
		{E0416D07-A1CC-4AC2-8FFF-7BD3DAEE1B35} = {A87E25C5-C856-43DA-8898-25820B80ABE8}
		{3829FA54-B621-4824-93D1-8E40D1FB9441} = {A87E25C5-C856-43DA-8898-25820B80ABE8}
		{A1189B3C-E209-417B-BF1C-184C67BA7C74} = {A87E25C5-C856-43DA-8898-25820B80ABE8}
		{DDC904E7-9B0D-492F-8D04-1246FBC6AADB} = {A87E25C5-C856-43DA-8898-25820B80ABE8}
		{E86678D2-739A-49F6-AAAB-B6A0E77339A8} = {A87E25C5-C856-43DA-8898-25820B80ABE8}
		{66050CE1-7062-439F-BAE7-25A597D230F1} = {F24A2188-FF99-450A-BDFD-C8D2C0571F1D}
		{604055A0-D62E-4026-8373-31C9953B94D6} = {F24A2188-FF99-450A-BDFD-C8D2C0571F1D}
		{5E935747-4543-4517-BCE4-C43D1B8064CD} = {F24A2188-FF99-450A-BDFD-C8D2C0571F1D}
		{3A59D7C5-736E-4267-9971-CCD6C5393F40} = {F24A2188-FF99-450A-BDFD-C8D2C0571F1D}
		{C38191F6-C311-48E5-9B69-EF3C35950AF4} = {F24A2188-FF99-450A-BDFD-C8D2C0571F1D}
		{517C7346-19D3-4F71-B59E-CCE0B6897492} = {F24A2188-FF99-450A-BDFD-C8D2C0571F1D}
		{CEF030BE-168F-4A5E-AEF2-4B1978AE609E} = {8A1D751A-E8D1-4023-B847-EC1CE4EE39FA}
		{3E2D02F7-AA50-44F0-B792-8A484B8D273A} = {8A1D751A-E8D1-4023-B847-EC1CE4EE39FA}
		{DD95AD39-F451-4DD0-9968-E1C4694C2CF3} = {5A626CDD-D4A4-4B1E-B1B6-73B048CFB31E}
		{49C6474E-173D-4C55-9788-0E1A3FEBA7AA} = {5A626CDD-D4A4-4B1E-B1B6-73B048CFB31E}
		{A421CE94-99A4-404D-8E46-B12B5FD8CC3C} = {5A626CDD-D4A4-4B1E-B1B6-73B048CFB31E}
		{D45F8D28-343E-42FC-BE08-960FF04BF0F0} = {5A626CDD-D4A4-4B1E-B1B6-73B048CFB31E}
		{BCF86DD8-7C10-4B06-ABF0-023A92F9D835} = {5A626CDD-D4A4-4B1E-B1B6-73B048CFB31E}
		{B600D327-F85D-444F-BB3A-A1D7F90E89F2} = {5A626CDD-D4A4-4B1E-B1B6-73B048CFB31E}
		{8F3936FA-345B-4304-AF8B-E1C516CD3234} = {5A626CDD-D4A4-4B1E-B1B6-73B048CFB31E}
		{0FF4EC00-1E2B-4CBB-AFC1-B792AB75578C} = {5A626CDD-D4A4-4B1E-B1B6-73B048CFB31E}
		{0A949321-1870-4DDA-8F3C-CEFAB9032052} = {5A626CDD-D4A4-4B1E-B1B6-73B048CFB31E}
		{9325015B-9070-460F-A276-A18EDEE1A777} = {5A626CDD-D4A4-4B1E-B1B6-73B048CFB31E}
		{5DA7B545-328D-4675-B7FB-E00D428EA171} = {5A626CDD-D4A4-4B1E-B1B6-73B048CFB31E}
		{7B64E560-68D7-4306-8CD4-95B0A7A6FE6E} = {5CA8A719-B407-44E8-804B-29A46B9C373E}
		{95CC2ADC-C2A5-4909-A08F-7ED6B9497B37} = {5CA8A719-B407-44E8-804B-29A46B9C373E}
		{26B8A0D7-9859-4CF2-80FF-5DDB692FC781} = {5CA8A719-B407-44E8-804B-29A46B9C373E}
		{833442D2-74E2-49EA-833F-F49EAB6EC716} = {5CA8A719-B407-44E8-804B-29A46B9C373E}
		{A7E7614D-03B5-4463-B52E-EF1D85A536DF} = {5CA8A719-B407-44E8-804B-29A46B9C373E}
		{FF0A724A-260D-4EA4-8268-538D72164EB7} = {5CA8A719-B407-44E8-804B-29A46B9C373E}
		{2EFCDFD9-E078-43B5-9F59-CAE73F2DE0E2} = {5CA8A719-B407-44E8-804B-29A46B9C373E}
		{9CC3A564-0A29-4269-89DA-B80C31A9E715} = {5CA8A719-B407-44E8-804B-29A46B9C373E}
	EndGlobalSection
	GlobalSection(ExtensibilityGlobals) = postSolution
		SolutionGuid = {C92C70E6-92A8-4800-963F-0F71BA4FE778}
	EndGlobalSection
EndGlobal
