
Microsoft Visual Studio Solution File, Format Version 12.00
# Visual Studio Version 17
VisualStudioVersion = 17.3.32901.215
MinimumVisualStudioVersion = 10.0.40219.1
Project("{8BC9CEB8-8B4A-11D0-8D11-00A0C91BC942}") = "1_1_FirstProject", "FirstProject\FirstProject.vcxproj", "{942408DB-EE56-4CE5-9A90-8657CDE3BD35}"
EndProject
Project("{2150E333-8FDC-42A3-9474-1A3956D46DE8}") = "1_Getting-started", "1_Getting-started", "{A87E25C5-C856-43DA-8898-25820B80ABE8}"
EndProject
Project("{8BC9CEB8-8B4A-11D0-8D11-00A0C91BC942}") = "1_2_Shaders", "1_2_Shaders\1_2_Shaders.vcxproj", "{E0416D07-A1CC-4AC2-8FFF-7BD3DAEE1B35}"
EndProject
Project("{8BC9CEB8-8B4A-11D0-8D11-00A0C91BC942}") = "1_3_Textures", "1_3_Textures\1_3_Textures.vcxproj", "{3829FA54-B621-4824-93D1-8E40D1FB9441}"
EndProject
Project("{8BC9CEB8-8B4A-11D0-8D11-00A0C91BC942}") = "1_4_Transformation", "1_4_Transformation\1_4_Transformation.vcxproj", "{A1189B3C-E209-417B-BF1C-184C67BA7C74}"
EndProject
Project("{8BC9CEB8-8B4A-11D0-8D11-00A0C91BC942}") = "1_5_CoordinateSystems", "1_5_CoordinateSystems\1_5_CoordinateSystems.vcxproj", "{DDC904E7-9B0D-492F-8D04-1246FBC6AADB}"
EndProject
Project("{8BC9CEB8-8B4A-11D0-8D11-00A0C91BC942}") = "1_6_Camera", "1_6_Camera\1_6_Camera.vcxproj", "{E86678D2-739A-49F6-AAAB-B6A0E77339A8}"
EndProject
Project("{2150E333-8FDC-42A3-9474-1A3956D46DE8}") = "2_Lighting", "2_Lighting", "{F24A2188-FF99-450A-BDFD-C8D2C0571F1D}"
EndProject
Project("{8BC9CEB8-8B4A-11D0-8D11-00A0C91BC942}") = "2_1_Colors", "2_1_Colors\2_1_Colors.vcxproj", "{66050CE1-7062-439F-BAE7-25A597D230F1}"
EndProject
Project("{8BC9CEB8-8B4A-11D0-8D11-00A0C91BC942}") = "2_2_BasicLighting", "2_2_BasicLighting\2_2_BasicLighting.vcxproj", "{604055A0-D62E-4026-8373-31C9953B94D6}"
EndProject
Project("{8BC9CEB8-8B4A-11D0-8D11-00A0C91BC942}") = "2_3_Materials", "2_3_Materials\2_3_Materials.vcxproj", "{5E935747-4543-4517-BCE4-C43D1B8064CD}"
EndProject
Project("{8BC9CEB8-8B4A-11D0-8D11-00A0C91BC942}") = "2_4_LightingMap", "2_4_LightingMap\2_4_LightingMap.vcxproj", "{3A59D7C5-736E-4267-9971-CCD6C5393F40}"
EndProject
Project("{8BC9CEB8-8B4A-11D0-8D11-00A0C91BC942}") = "2_5_LightCasters", "2_5_LightCasters\2_5_LightCasters.vcxproj", "{C38191F6-C311-48E5-9B69-EF3C35950AF4}"
EndProject
Project("{8BC9CEB8-8B4A-11D0-8D11-00A0C91BC942}") = "2_6_MultipleLights", "2_6_MultipleLights\2_6_MultipleLights.vcxproj", "{517C7346-19D3-4F71-B59E-CCE0B6897492}"
EndProject
Project("{2150E333-8FDC-42A3-9474-1A3956D46DE8}") = "3_Model-Loading", "3_Model-Loading", "{8A1D751A-E8D1-4023-B847-EC1CE4EE39FA}"
EndProject
Project("{8BC9CEB8-8B4A-11D0-8D11-00A0C91BC942}") = "3_1_Mesh", "3_1_Mesh\3_1_Mesh.vcxproj", "{CEF030BE-168F-4A5E-AEF2-4B1978AE609E}"
EndProject
Project("{8BC9CEB8-8B4A-11D0-8D11-00A0C91BC942}") = "3_2_Model", "3_2_Model\3_2_Model.vcxproj", "{3E2D02F7-AA50-44F0-B792-8A484B8D273A}"
EndProject
Project("{2150E333-8FDC-42A3-9474-1A3956D46DE8}") = "4_Advanced-OpenGL", "4_Advanced-OpenGL", "{5A626CDD-D4A4-4B1E-B1B6-73B048CFB31E}"
EndProject
Project("{8BC9CEB8-8B4A-11D0-8D11-00A0C91BC942}") = "4_1_DepthTesting", "4_1_DepthTesting\4_1_DepthTesting.vcxproj", "{DD95AD39-F451-4DD0-9968-E1C4694C2CF3}"
EndProject
Project("{8BC9CEB8-8B4A-11D0-8D11-00A0C91BC942}") = "4_2_StencilTesting", "4_2_StencilTesting\4_2_StencilTesting.vcxproj", "{49C6474E-173D-4C55-9788-0E1A3FEBA7AA}"
EndProject
Project("{8BC9CEB8-8B4A-11D0-8D11-00A0C91BC942}") = "4_3_Blending", "4_3_Blending\4_3_Blending.vcxproj", "{A421CE94-99A4-404D-8E46-B12B5FD8CC3C}"
EndProject
Global
	GlobalSection(SolutionConfigurationPlatforms) = preSolution
		Debug|x64 = Debug|x64
		Debug|x86 = Debug|x86
		Release|x64 = Release|x64
		Release|x86 = Release|x86
	EndGlobalSection
	GlobalSection(ProjectConfigurationPlatforms) = postSolution
		{942408DB-EE56-4CE5-9A90-8657CDE3BD35}.Debug|x64.ActiveCfg = Debug|x64
		{942408DB-EE56-4CE5-9A90-8657CDE3BD35}.Debug|x64.Build.0 = Debug|x64
		{942408DB-EE56-4CE5-9A90-8657CDE3BD35}.Debug|x86.ActiveCfg = Debug|Win32
		{942408DB-EE56-4CE5-9A90-8657CDE3BD35}.Debug|x86.Build.0 = Debug|Win32
		{942408DB-EE56-4CE5-9A90-8657CDE3BD35}.Release|x64.ActiveCfg = Release|x64
		{942408DB-EE56-4CE5-9A90-8657CDE3BD35}.Release|x64.Build.0 = Release|x64
		{942408DB-EE56-4CE5-9A90-8657CDE3BD35}.Release|x86.ActiveCfg = Release|Win32
		{942408DB-EE56-4CE5-9A90-8657CDE3BD35}.Release|x86.Build.0 = Release|Win32
		{E0416D07-A1CC-4AC2-8FFF-7BD3DAEE1B35}.Debug|x64.ActiveCfg = Debug|x64
		{E0416D07-A1CC-4AC2-8FFF-7BD3DAEE1B35}.Debug|x64.Build.0 = Debug|x64
		{E0416D07-A1CC-4AC2-8FFF-7BD3DAEE1B35}.Debug|x86.ActiveCfg = Debug|Win32
		{E0416D07-A1CC-4AC2-8FFF-7BD3DAEE1B35}.Debug|x86.Build.0 = Debug|Win32
		{E0416D07-A1CC-4AC2-8FFF-7BD3DAEE1B35}.Release|x64.ActiveCfg = Release|x64
		{E0416D07-A1CC-4AC2-8FFF-7BD3DAEE1B35}.Release|x64.Build.0 = Release|x64
		{E0416D07-A1CC-4AC2-8FFF-7BD3DAEE1B35}.Release|x86.ActiveCfg = Release|Win32
		{E0416D07-A1CC-4AC2-8FFF-7BD3DAEE1B35}.Release|x86.Build.0 = Release|Win32
		{3829FA54-B621-4824-93D1-8E40D1FB9441}.Debug|x64.ActiveCfg = Debug|x64
		{3829FA54-B621-4824-93D1-8E40D1FB9441}.Debug|x64.Build.0 = Debug|x64
		{3829FA54-B621-4824-93D1-8E40D1FB9441}.Debug|x86.ActiveCfg = Debug|Win32
		{3829FA54-B621-4824-93D1-8E40D1FB9441}.Debug|x86.Build.0 = Debug|Win32
		{3829FA54-B621-4824-93D1-8E40D1FB9441}.Release|x64.ActiveCfg = Release|x64
		{3829FA54-B621-4824-93D1-8E40D1FB9441}.Release|x64.Build.0 = Release|x64
		{3829FA54-B621-4824-93D1-8E40D1FB9441}.Release|x86.ActiveCfg = Release|Win32
		{3829FA54-B621-4824-93D1-8E40D1FB9441}.Release|x86.Build.0 = Release|Win32
		{A1189B3C-E209-417B-BF1C-184C67BA7C74}.Debug|x64.ActiveCfg = Debug|x64
		{A1189B3C-E209-417B-BF1C-184C67BA7C74}.Debug|x64.Build.0 = Debug|x64
		{A1189B3C-E209-417B-BF1C-184C67BA7C74}.Debug|x86.ActiveCfg = Debug|Win32
		{A1189B3C-E209-417B-BF1C-184C67BA7C74}.Debug|x86.Build.0 = Debug|Win32
		{A1189B3C-E209-417B-BF1C-184C67BA7C74}.Release|x64.ActiveCfg = Release|x64
		{A1189B3C-E209-417B-BF1C-184C67BA7C74}.Release|x64.Build.0 = Release|x64
		{A1189B3C-E209-417B-BF1C-184C67BA7C74}.Release|x86.ActiveCfg = Release|Win32
		{A1189B3C-E209-417B-BF1C-184C67BA7C74}.Release|x86.Build.0 = Release|Win32
		{DDC904E7-9B0D-492F-8D04-1246FBC6AADB}.Debug|x64.ActiveCfg = Debug|x64
		{DDC904E7-9B0D-492F-8D04-1246FBC6AADB}.Debug|x64.Build.0 = Debug|x64
		{DDC904E7-9B0D-492F-8D04-1246FBC6AADB}.Debug|x86.ActiveCfg = Debug|Win32
		{DDC904E7-9B0D-492F-8D04-1246FBC6AADB}.Debug|x86.Build.0 = Debug|Win32
		{DDC904E7-9B0D-492F-8D04-1246FBC6AADB}.Release|x64.ActiveCfg = Release|x64
		{DDC904E7-9B0D-492F-8D04-1246FBC6AADB}.Release|x64.Build.0 = Release|x64
		{DDC904E7-9B0D-492F-8D04-1246FBC6AADB}.Release|x86.ActiveCfg = Release|Win32
		{DDC904E7-9B0D-492F-8D04-1246FBC6AADB}.Release|x86.Build.0 = Release|Win32
		{E86678D2-739A-49F6-AAAB-B6A0E77339A8}.Debug|x64.ActiveCfg = Debug|x64
		{E86678D2-739A-49F6-AAAB-B6A0E77339A8}.Debug|x64.Build.0 = Debug|x64
		{E86678D2-739A-49F6-AAAB-B6A0E77339A8}.Debug|x86.ActiveCfg = Debug|Win32
		{E86678D2-739A-49F6-AAAB-B6A0E77339A8}.Debug|x86.Build.0 = Debug|Win32
		{E86678D2-739A-49F6-AAAB-B6A0E77339A8}.Release|x64.ActiveCfg = Release|x64
		{E86678D2-739A-49F6-AAAB-B6A0E77339A8}.Release|x64.Build.0 = Release|x64
		{E86678D2-739A-49F6-AAAB-B6A0E77339A8}.Release|x86.ActiveCfg = Release|Win32
		{E86678D2-739A-49F6-AAAB-B6A0E77339A8}.Release|x86.Build.0 = Release|Win32
		{66050CE1-7062-439F-BAE7-25A597D230F1}.Debug|x64.ActiveCfg = Debug|x64
		{66050CE1-7062-439F-BAE7-25A597D230F1}.Debug|x64.Build.0 = Debug|x64
		{66050CE1-7062-439F-BAE7-25A597D230F1}.Debug|x86.ActiveCfg = Debug|Win32
		{66050CE1-7062-439F-BAE7-25A597D230F1}.Debug|x86.Build.0 = Debug|Win32
		{66050CE1-7062-439F-BAE7-25A597D230F1}.Release|x64.ActiveCfg = Release|x64
		{66050CE1-7062-439F-BAE7-25A597D230F1}.Release|x64.Build.0 = Release|x64
		{66050CE1-7062-439F-BAE7-25A597D230F1}.Release|x86.ActiveCfg = Release|Win32
		{66050CE1-7062-439F-BAE7-25A597D230F1}.Release|x86.Build.0 = Release|Win32
		{604055A0-D62E-4026-8373-31C9953B94D6}.Debug|x64.ActiveCfg = Debug|x64
		{604055A0-D62E-4026-8373-31C9953B94D6}.Debug|x64.Build.0 = Debug|x64
		{604055A0-D62E-4026-8373-31C9953B94D6}.Debug|x86.ActiveCfg = Debug|Win32
		{604055A0-D62E-4026-8373-31C9953B94D6}.Debug|x86.Build.0 = Debug|Win32
		{604055A0-D62E-4026-8373-31C9953B94D6}.Release|x64.ActiveCfg = Release|x64
		{604055A0-D62E-4026-8373-31C9953B94D6}.Release|x64.Build.0 = Release|x64
		{604055A0-D62E-4026-8373-31C9953B94D6}.Release|x86.ActiveCfg = Release|Win32
		{604055A0-D62E-4026-8373-31C9953B94D6}.Release|x86.Build.0 = Release|Win32
		{5E935747-4543-4517-BCE4-C43D1B8064CD}.Debug|x64.ActiveCfg = Debug|x64
		{5E935747-4543-4517-BCE4-C43D1B8064CD}.Debug|x64.Build.0 = Debug|x64
		{5E935747-4543-4517-BCE4-C43D1B8064CD}.Debug|x86.ActiveCfg = Debug|Win32
		{5E935747-4543-4517-BCE4-C43D1B8064CD}.Debug|x86.Build.0 = Debug|Win32
		{5E935747-4543-4517-BCE4-C43D1B8064CD}.Release|x64.ActiveCfg = Release|x64
		{5E935747-4543-4517-BCE4-C43D1B8064CD}.Release|x64.Build.0 = Release|x64
		{5E935747-4543-4517-BCE4-C43D1B8064CD}.Release|x86.ActiveCfg = Release|Win32
		{5E935747-4543-4517-BCE4-C43D1B8064CD}.Release|x86.Build.0 = Release|Win32
		{3A59D7C5-736E-4267-9971-CCD6C5393F40}.Debug|x64.ActiveCfg = Debug|x64
		{3A59D7C5-736E-4267-9971-CCD6C5393F40}.Debug|x64.Build.0 = Debug|x64
		{3A59D7C5-736E-4267-9971-CCD6C5393F40}.Debug|x86.ActiveCfg = Debug|Win32
		{3A59D7C5-736E-4267-9971-CCD6C5393F40}.Debug|x86.Build.0 = Debug|Win32
		{3A59D7C5-736E-4267-9971-CCD6C5393F40}.Release|x64.ActiveCfg = Release|x64
		{3A59D7C5-736E-4267-9971-CCD6C5393F40}.Release|x64.Build.0 = Release|x64
		{3A59D7C5-736E-4267-9971-CCD6C5393F40}.Release|x86.ActiveCfg = Release|Win32
		{3A59D7C5-736E-4267-9971-CCD6C5393F40}.Release|x86.Build.0 = Release|Win32
		{C38191F6-C311-48E5-9B69-EF3C35950AF4}.Debug|x64.ActiveCfg = Debug|x64
		{C38191F6-C311-48E5-9B69-EF3C35950AF4}.Debug|x64.Build.0 = Debug|x64
		{C38191F6-C311-48E5-9B69-EF3C35950AF4}.Debug|x86.ActiveCfg = Debug|Win32
		{C38191F6-C311-48E5-9B69-EF3C35950AF4}.Debug|x86.Build.0 = Debug|Win32
		{C38191F6-C311-48E5-9B69-EF3C35950AF4}.Release|x64.ActiveCfg = Release|x64
		{C38191F6-C311-48E5-9B69-EF3C35950AF4}.Release|x64.Build.0 = Release|x64
		{C38191F6-C311-48E5-9B69-EF3C35950AF4}.Release|x86.ActiveCfg = Release|Win32
		{C38191F6-C311-48E5-9B69-EF3C35950AF4}.Release|x86.Build.0 = Release|Win32
		{517C7346-19D3-4F71-B59E-CCE0B6897492}.Debug|x64.ActiveCfg = Debug|x64
		{517C7346-19D3-4F71-B59E-CCE0B6897492}.Debug|x64.Build.0 = Debug|x64
		{517C7346-19D3-4F71-B59E-CCE0B6897492}.Debug|x86.ActiveCfg = Debug|Win32
		{517C7346-19D3-4F71-B59E-CCE0B6897492}.Debug|x86.Build.0 = Debug|Win32
		{517C7346-19D3-4F71-B59E-CCE0B6897492}.Release|x64.ActiveCfg = Release|x64
		{517C7346-19D3-4F71-B59E-CCE0B6897492}.Release|x64.Build.0 = Release|x64
		{517C7346-19D3-4F71-B59E-CCE0B6897492}.Release|x86.ActiveCfg = Release|Win32
		{517C7346-19D3-4F71-B59E-CCE0B6897492}.Release|x86.Build.0 = Release|Win32
		{CEF030BE-168F-4A5E-AEF2-4B1978AE609E}.Debug|x64.ActiveCfg = Debug|x64
		{CEF030BE-168F-4A5E-AEF2-4B1978AE609E}.Debug|x64.Build.0 = Debug|x64
		{CEF030BE-168F-4A5E-AEF2-4B1978AE609E}.Debug|x86.ActiveCfg = Debug|Win32
		{CEF030BE-168F-4A5E-AEF2-4B1978AE609E}.Debug|x86.Build.0 = Debug|Win32
		{CEF030BE-168F-4A5E-AEF2-4B1978AE609E}.Release|x64.ActiveCfg = Release|x64
		{CEF030BE-168F-4A5E-AEF2-4B1978AE609E}.Release|x64.Build.0 = Release|x64
		{CEF030BE-168F-4A5E-AEF2-4B1978AE609E}.Release|x86.ActiveCfg = Release|Win32
		{CEF030BE-168F-4A5E-AEF2-4B1978AE609E}.Release|x86.Build.0 = Release|Win32
		{3E2D02F7-AA50-44F0-B792-8A484B8D273A}.Debug|x64.ActiveCfg = Debug|x64
		{3E2D02F7-AA50-44F0-B792-8A484B8D273A}.Debug|x64.Build.0 = Debug|x64
		{3E2D02F7-AA50-44F0-B792-8A484B8D273A}.Debug|x86.ActiveCfg = Debug|Win32
		{3E2D02F7-AA50-44F0-B792-8A484B8D273A}.Debug|x86.Build.0 = Debug|Win32
		{3E2D02F7-AA50-44F0-B792-8A484B8D273A}.Release|x64.ActiveCfg = Release|x64
		{3E2D02F7-AA50-44F0-B792-8A484B8D273A}.Release|x64.Build.0 = Release|x64
		{3E2D02F7-AA50-44F0-B792-8A484B8D273A}.Release|x86.ActiveCfg = Release|Win32
		{3E2D02F7-AA50-44F0-B792-8A484B8D273A}.Release|x86.Build.0 = Release|Win32
		{DD95AD39-F451-4DD0-9968-E1C4694C2CF3}.Debug|x64.ActiveCfg = Debug|x64
		{DD95AD39-F451-4DD0-9968-E1C4694C2CF3}.Debug|x64.Build.0 = Debug|x64
		{DD95AD39-F451-4DD0-9968-E1C4694C2CF3}.Debug|x86.ActiveCfg = Debug|Win32
		{DD95AD39-F451-4DD0-9968-E1C4694C2CF3}.Debug|x86.Build.0 = Debug|Win32
		{DD95AD39-F451-4DD0-9968-E1C4694C2CF3}.Release|x64.ActiveCfg = Release|x64
		{DD95AD39-F451-4DD0-9968-E1C4694C2CF3}.Release|x64.Build.0 = Release|x64
		{DD95AD39-F451-4DD0-9968-E1C4694C2CF3}.Release|x86.ActiveCfg = Release|Win32
		{DD95AD39-F451-4DD0-9968-E1C4694C2CF3}.Release|x86.Build.0 = Release|Win32
		{49C6474E-173D-4C55-9788-0E1A3FEBA7AA}.Debug|x64.ActiveCfg = Debug|x64
		{49C6474E-173D-4C55-9788-0E1A3FEBA7AA}.Debug|x64.Build.0 = Debug|x64
		{49C6474E-173D-4C55-9788-0E1A3FEBA7AA}.Debug|x86.ActiveCfg = Debug|Win32
		{49C6474E-173D-4C55-9788-0E1A3FEBA7AA}.Debug|x86.Build.0 = Debug|Win32
		{49C6474E-173D-4C55-9788-0E1A3FEBA7AA}.Release|x64.ActiveCfg = Release|x64
		{49C6474E-173D-4C55-9788-0E1A3FEBA7AA}.Release|x64.Build.0 = Release|x64
		{49C6474E-173D-4C55-9788-0E1A3FEBA7AA}.Release|x86.ActiveCfg = Release|Win32
		{49C6474E-173D-4C55-9788-0E1A3FEBA7AA}.Release|x86.Build.0 = Release|Win32
		{A421CE94-99A4-404D-8E46-B12B5FD8CC3C}.Debug|x64.ActiveCfg = Debug|x64
		{A421CE94-99A4-404D-8E46-B12B5FD8CC3C}.Debug|x64.Build.0 = Debug|x64
		{A421CE94-99A4-404D-8E46-B12B5FD8CC3C}.Debug|x86.ActiveCfg = Debug|Win32
		{A421CE94-99A4-404D-8E46-B12B5FD8CC3C}.Debug|x86.Build.0 = Debug|Win32
		{A421CE94-99A4-404D-8E46-B12B5FD8CC3C}.Release|x64.ActiveCfg = Release|x64
		{A421CE94-99A4-404D-8E46-B12B5FD8CC3C}.Release|x64.Build.0 = Release|x64
		{A421CE94-99A4-404D-8E46-B12B5FD8CC3C}.Release|x86.ActiveCfg = Release|Win32
		{A421CE94-99A4-404D-8E46-B12B5FD8CC3C}.Release|x86.Build.0 = Release|Win32
	EndGlobalSection
	GlobalSection(SolutionProperties) = preSolution
		HideSolutionNode = FALSE
	EndGlobalSection
	GlobalSection(NestedProjects) = preSolution
		{942408DB-EE56-4CE5-9A90-8657CDE3BD35} = {A87E25C5-C856-43DA-8898-25820B80ABE8}
		{E0416D07-A1CC-4AC2-8FFF-7BD3DAEE1B35} = {A87E25C5-C856-43DA-8898-25820B80ABE8}
		{3829FA54-B621-4824-93D1-8E40D1FB9441} = {A87E25C5-C856-43DA-8898-25820B80ABE8}
		{A1189B3C-E209-417B-BF1C-184C67BA7C74} = {A87E25C5-C856-43DA-8898-25820B80ABE8}
		{DDC904E7-9B0D-492F-8D04-1246FBC6AADB} = {A87E25C5-C856-43DA-8898-25820B80ABE8}
		{E86678D2-739A-49F6-AAAB-B6A0E77339A8} = {A87E25C5-C856-43DA-8898-25820B80ABE8}
		{66050CE1-7062-439F-BAE7-25A597D230F1} = {F24A2188-FF99-450A-BDFD-C8D2C0571F1D}
		{604055A0-D62E-4026-8373-31C9953B94D6} = {F24A2188-FF99-450A-BDFD-C8D2C0571F1D}
		{5E935747-4543-4517-BCE4-C43D1B8064CD} = {F24A2188-FF99-450A-BDFD-C8D2C0571F1D}
		{3A59D7C5-736E-4267-9971-CCD6C5393F40} = {F24A2188-FF99-450A-BDFD-C8D2C0571F1D}
		{C38191F6-C311-48E5-9B69-EF3C35950AF4} = {F24A2188-FF99-450A-BDFD-C8D2C0571F1D}
		{517C7346-19D3-4F71-B59E-CCE0B6897492} = {F24A2188-FF99-450A-BDFD-C8D2C0571F1D}
		{CEF030BE-168F-4A5E-AEF2-4B1978AE609E} = {8A1D751A-E8D1-4023-B847-EC1CE4EE39FA}
		{3E2D02F7-AA50-44F0-B792-8A484B8D273A} = {8A1D751A-E8D1-4023-B847-EC1CE4EE39FA}
		{DD95AD39-F451-4DD0-9968-E1C4694C2CF3} = {5A626CDD-D4A4-4B1E-B1B6-73B048CFB31E}
		{49C6474E-173D-4C55-9788-0E1A3FEBA7AA} = {5A626CDD-D4A4-4B1E-B1B6-73B048CFB31E}
		{A421CE94-99A4-404D-8E46-B12B5FD8CC3C} = {5A626CDD-D4A4-4B1E-B1B6-73B048CFB31E}
	EndGlobalSection
	GlobalSection(ExtensibilityGlobals) = postSolution
		SolutionGuid = {C92C70E6-92A8-4800-963F-0F71BA4FE778}
	EndGlobalSection
EndGlobal
